
Microsoft Visual Studio Solution File, Format Version 12.00
# Visual Studio Version 17
VisualStudioVersion = 17.14.36408.4 d17.14
MinimumVisualStudioVersion = 10.0.40219.1
Project("{FAE04EC0-301F-11D3-BF4B-00C04F79EFBC}") = "Task2", "Task2\Task2.csproj", "{BF0492C0-FC0E-405C-9C80-D60159B726A0}"
EndProject
Global
	GlobalSection(SolutionConfigurationPlatforms) = preSolution
		Debug|Any CPU = Debug|Any CPU
		Release|Any CPU = Release|Any CPU
	EndGlobalSection
	GlobalSection(ProjectConfigurationPlatforms) = postSolution
		{BF0492C0-FC0E-405C-9C80-D60159B726A0}.Debug|Any CPU.ActiveCfg = Debug|Any CPU
		{BF0492C0-FC0E-405C-9C80-D60159B726A0}.Debug|Any CPU.Build.0 = Debug|Any CPU
		{BF0492C0-FC0E-405C-9C80-D60159B726A0}.Release|Any CPU.ActiveCfg = Release|Any CPU
		{BF0492C0-FC0E-405C-9C80-D60159B726A0}.Release|Any CPU.Build.0 = Release|Any CPU
	EndGlobalSection
	GlobalSection(SolutionProperties) = preSolution
		HideSolutionNode = FALSE
	EndGlobalSection
	GlobalSection(ExtensibilityGlobals) = postSolution
		SolutionGuid = {FA3F934E-5A40-4B0F-9A29-9F519DC981A4}
	EndGlobalSection
EndGlobal
