
Microsoft Visual Studio Solution File, Format Version 12.00
# Visual Studio Version 17
VisualStudioVersion = 17.14.36408.4 d17.14
MinimumVisualStudioVersion = 10.0.40219.1
Project("{FAE04EC0-301F-11D3-BF4B-00C04F79EFBC}") = "Task6", "Task6\Task6.csproj", "{BE432435-EAB9-477D-A6BF-99C897AE8414}"
EndProject
Global
	GlobalSection(SolutionConfigurationPlatforms) = preSolution
		Debug|Any CPU = Debug|Any CPU
		Release|Any CPU = Release|Any CPU
	EndGlobalSection
	GlobalSection(ProjectConfigurationPlatforms) = postSolution
		{BE432435-EAB9-477D-A6BF-99C897AE8414}.Debug|Any CPU.ActiveCfg = Debug|Any CPU
		{BE432435-EAB9-477D-A6BF-99C897AE8414}.Debug|Any CPU.Build.0 = Debug|Any CPU
		{BE432435-EAB9-477D-A6BF-99C897AE8414}.Release|Any CPU.ActiveCfg = Release|Any CPU
		{BE432435-EAB9-477D-A6BF-99C897AE8414}.Release|Any CPU.Build.0 = Release|Any CPU
	EndGlobalSection
	GlobalSection(SolutionProperties) = preSolution
		HideSolutionNode = FALSE
	EndGlobalSection
	GlobalSection(ExtensibilityGlobals) = postSolution
		SolutionGuid = {62E32970-348B-43B8-9297-7CDF90F2BFB6}
	EndGlobalSection
EndGlobal
